# @generated by Move, please check-in and do not edit manually.

[move]
version = 2
manifest_digest = "D2CBD7DBB5526E61F3C11E28DAAD1C4FD17D45A02D44C398DBA23B978B668599"
deps_digest = "F8BBB0CCB2491CA29A3DF03D6F92277A4F3574266507ACD77214D37ECA3F3082"
dependencies = [
  { name = "Sui" },
]

[[move.package]]
name = "MoveStdlib"
source = { git = "https://github.com/MystenLabs/sui.git", rev = "framework/testnet", subdir = "crates/sui-framework/packages/move-stdlib" }

[[move.package]]
name = "Sui"
source = { git = "https://github.com/MystenLabs/sui.git", rev = "framework/testnet", subdir = "crates/sui-framework/packages/sui-framework" }

dependencies = [
  { name = "MoveStdlib" },
]

[move.toolchain-version]
compiler-version = "1.30.3"
edition = "2024.beta"
flavor = "sui"

[env]

[env.testnet]
chain-id = "4c78adac"
original-published-id = "0x621c091c3eb8b07b3df5833d27d1e77d0600ebcb92ea997234d622be1c56bf9e"
latest-published-id = "0x621c091c3eb8b07b3df5833d27d1e77d0600ebcb92ea997234d622be1c56bf9e"
published-version = "1"
